// !$*UTF8*$!
{
	archiveVersion = 1;
	classes = {
	};
	objectVersion = 46;
	objects = {

/* Begin PBXBuildFile section */
		C801A51D17BC815C008B4ADD /* UIKit.framework in Frameworks */ = {isa = PBXBuildFile; fileRef = C801A51C17BC815C008B4ADD /* UIKit.framework */; };
		C801A51F17BC815C008B4ADD /* Foundation.framework in Frameworks */ = {isa = PBXBuildFile; fileRef = C801A51E17BC815C008B4ADD /* Foundation.framework */; };
		C801A52117BC815C008B4ADD /* CoreGraphics.framework in Frameworks */ = {isa = PBXBuildFile; fileRef = C801A52017BC815C008B4ADD /* CoreGraphics.framework */; };
		C801A52717BC815C008B4ADD /* InfoPlist.strings in Resources */ = {isa = PBXBuildFile; fileRef = C801A52517BC815C008B4ADD /* InfoPlist.strings */; };
		C801A52917BC815C008B4ADD /* main.m in Sources */ = {isa = PBXBuildFile; fileRef = C801A52817BC815C008B4ADD /* main.m */; };
		C801A52D17BC815C008B4ADD /* rememberAppDelegate.m in Sources */ = {isa = PBXBuildFile; fileRef = C801A52C17BC815C008B4ADD /* rememberAppDelegate.m */; };
		C801A52F17BC815C008B4ADD /* Default.png in Resources */ = {isa = PBXBuildFile; fileRef = C801A52E17BC815C008B4ADD /* Default.png */; };
		C801A53117BC815C008B4ADD /* Default@2x.png in Resources */ = {isa = PBXBuildFile; fileRef = C801A53017BC815C008B4ADD /* Default@2x.png */; };
		C801A53317BC815C008B4ADD /* Default-568h@2x.png in Resources */ = {isa = PBXBuildFile; fileRef = C801A53217BC815C008B4ADD /* Default-568h@2x.png */; };
		C801A53617BC815C008B4ADD /* MainStoryboard.storyboard in Resources */ = {isa = PBXBuildFile; fileRef = C801A53417BC815C008B4ADD /* MainStoryboard.storyboard */; };
		C801A53917BC815C008B4ADD /* rememberViewController.m in Sources */ = {isa = PBXBuildFile; fileRef = C801A53817BC815C008B4ADD /* rememberViewController.m */; };
		C8307C6C17BCA7380090F25D /* StartViewController.m in Sources */ = {isa = PBXBuildFile; fileRef = C8307C6B17BCA7380090F25D /* StartViewController.m */; };
		C8FDC50517BEBB5200A68749 /* Meds.m in Sources */ = {isa = PBXBuildFile; fileRef = C8FDC50417BEBB5200A68749 /* Meds.m */; };
		C8FDC50917BEBDD300A68749 /* Prescription.m in Sources */ = {isa = PBXBuildFile; fileRef = C8FDC50817BEBDD300A68749 /* Prescription.m */; };
/* End PBXBuildFile section */

/* Begin PBXFileReference section */
		C801A51917BC815C008B4ADD /* RememberMyMeds.app */ = {isa = PBXFileReference; explicitFileType = wrapper.application; includeInIndex = 0; path = RememberMyMeds.app; sourceTree = BUILT_PRODUCTS_DIR; };
		C801A51C17BC815C008B4ADD /* UIKit.framework */ = {isa = PBXFileReference; lastKnownFileType = wrapper.framework; name = UIKit.framework; path = System/Library/Frameworks/UIKit.framework; sourceTree = SDKROOT; };
		C801A51E17BC815C008B4ADD /* Foundation.framework */ = {isa = PBXFileReference; lastKnownFileType = wrapper.framework; name = Foundation.framework; path = System/Library/Frameworks/Foundation.framework; sourceTree = SDKROOT; };
		C801A52017BC815C008B4ADD /* CoreGraphics.framework */ = {isa = PBXFileReference; lastKnownFileType = wrapper.framework; name = CoreGraphics.framework; path = System/Library/Frameworks/CoreGraphics.framework; sourceTree = SDKROOT; };
		C801A52417BC815C008B4ADD /* RememberMyMeds-Info.plist */ = {isa = PBXFileReference; lastKnownFileType = text.plist.xml; path = "RememberMyMeds-Info.plist"; sourceTree = "<group>"; };
		C801A52617BC815C008B4ADD /* en */ = {isa = PBXFileReference; lastKnownFileType = text.plist.strings; name = en; path = en.lproj/InfoPlist.strings; sourceTree = "<group>"; };
		C801A52817BC815C008B4ADD /* main.m */ = {isa = PBXFileReference; lastKnownFileType = sourcecode.c.objc; path = main.m; sourceTree = "<group>"; };
		C801A52A17BC815C008B4ADD /* RememberMyMeds-Prefix.pch */ = {isa = PBXFileReference; lastKnownFileType = sourcecode.c.h; path = "RememberMyMeds-Prefix.pch"; sourceTree = "<group>"; };
		C801A52B17BC815C008B4ADD /* rememberAppDelegate.h */ = {isa = PBXFileReference; lastKnownFileType = sourcecode.c.h; path = rememberAppDelegate.h; sourceTree = "<group>"; };
		C801A52C17BC815C008B4ADD /* rememberAppDelegate.m */ = {isa = PBXFileReference; lastKnownFileType = sourcecode.c.objc; path = rememberAppDelegate.m; sourceTree = "<group>"; };
		C801A52E17BC815C008B4ADD /* Default.png */ = {isa = PBXFileReference; lastKnownFileType = image.png; path = Default.png; sourceTree = "<group>"; };
		C801A53017BC815C008B4ADD /* Default@2x.png */ = {isa = PBXFileReference; lastKnownFileType = image.png; path = "Default@2x.png"; sourceTree = "<group>"; };
		C801A53217BC815C008B4ADD /* Default-568h@2x.png */ = {isa = PBXFileReference; lastKnownFileType = image.png; path = "Default-568h@2x.png"; sourceTree = "<group>"; };
		C801A53517BC815C008B4ADD /* en */ = {isa = PBXFileReference; lastKnownFileType = file.storyboard; name = en; path = en.lproj/MainStoryboard.storyboard; sourceTree = "<group>"; };
		C801A53717BC815C008B4ADD /* rememberViewController.h */ = {isa = PBXFileReference; lastKnownFileType = sourcecode.c.h; path = rememberViewController.h; sourceTree = "<group>"; };
		C801A53817BC815C008B4ADD /* rememberViewController.m */ = {isa = PBXFileReference; lastKnownFileType = sourcecode.c.objc; path = rememberViewController.m; sourceTree = "<group>"; };
		C8307C6A17BCA7380090F25D /* StartViewController.h */ = {isa = PBXFileReference; fileEncoding = 4; lastKnownFileType = sourcecode.c.h; path = StartViewController.h; sourceTree = "<group>"; };
		C8307C6B17BCA7380090F25D /* StartViewController.m */ = {isa = PBXFileReference; fileEncoding = 4; lastKnownFileType = sourcecode.c.objc; path = StartViewController.m; sourceTree = "<group>"; };
		C8FDC50317BEBB5200A68749 /* Meds.h */ = {isa = PBXFileReference; fileEncoding = 4; lastKnownFileType = sourcecode.c.h; name = Meds.h; path = model/Meds.h; sourceTree = "<group>"; };
		C8FDC50417BEBB5200A68749 /* Meds.m */ = {isa = PBXFileReference; fileEncoding = 4; lastKnownFileType = sourcecode.c.objc; name = Meds.m; path = model/Meds.m; sourceTree = "<group>"; };
		C8FDC50717BEBDD300A68749 /* Prescription.h */ = {isa = PBXFileReference; fileEncoding = 4; lastKnownFileType = sourcecode.c.h; name = Prescription.h; path = model/Prescription.h; sourceTree = "<group>"; };
		C8FDC50817BEBDD300A68749 /* Prescription.m */ = {isa = PBXFileReference; fileEncoding = 4; lastKnownFileType = sourcecode.c.objc; name = Prescription.m; path = model/Prescription.m; sourceTree = "<group>"; };
/* End PBXFileReference section */

/* Begin PBXFrameworksBuildPhase section */
		C801A51617BC815C008B4ADD /* Frameworks */ = {
			isa = PBXFrameworksBuildPhase;
			buildActionMask = 2147483647;
			files = (
				C801A51D17BC815C008B4ADD /* UIKit.framework in Frameworks */,
				C801A51F17BC815C008B4ADD /* Foundation.framework in Frameworks */,
				C801A52117BC815C008B4ADD /* CoreGraphics.framework in Frameworks */,
			);
			runOnlyForDeploymentPostprocessing = 0;
		};
/* End PBXFrameworksBuildPhase section */

/* Begin PBXGroup section */
		C801A51017BC815C008B4ADD = {
			isa = PBXGroup;
			children = (
				C801A52217BC815C008B4ADD /* RememberMyMeds */,
				C801A51B17BC815C008B4ADD /* Frameworks */,
				C801A51A17BC815C008B4ADD /* Products */,
			);
			sourceTree = "<group>";
		};
		C801A51A17BC815C008B4ADD /* Products */ = {
			isa = PBXGroup;
			children = (
				C801A51917BC815C008B4ADD /* RememberMyMeds.app */,
			);
			name = Products;
			sourceTree = "<group>";
		};
		C801A51B17BC815C008B4ADD /* Frameworks */ = {
			isa = PBXGroup;
			children = (
				C801A51C17BC815C008B4ADD /* UIKit.framework */,
				C801A51E17BC815C008B4ADD /* Foundation.framework */,
				C801A52017BC815C008B4ADD /* CoreGraphics.framework */,
			);
			name = Frameworks;
			sourceTree = "<group>";
		};
		C801A52217BC815C008B4ADD /* RememberMyMeds */ = {
			isa = PBXGroup;
			children = (
				C801A52B17BC815C008B4ADD /* rememberAppDelegate.h */,
				C801A52C17BC815C008B4ADD /* rememberAppDelegate.m */,
				C8307C6A17BCA7380090F25D /* StartViewController.h */,
				C8307C6B17BCA7380090F25D /* StartViewController.m */,
				C8FDC50617BEBB5800A68749 /* model */,
				C801A53417BC815C008B4ADD /* MainStoryboard.storyboard */,
				C801A53717BC815C008B4ADD /* rememberViewController.h */,
				C801A53817BC815C008B4ADD /* rememberViewController.m */,
				C801A52317BC815C008B4ADD /* Supporting Files */,
			);
			path = RememberMyMeds;
			sourceTree = "<group>";
		};
		C801A52317BC815C008B4ADD /* Supporting Files */ = {
			isa = PBXGroup;
			children = (
				C801A52417BC815C008B4ADD /* RememberMyMeds-Info.plist */,
				C801A52517BC815C008B4ADD /* InfoPlist.strings */,
				C801A52817BC815C008B4ADD /* main.m */,
				C801A52A17BC815C008B4ADD /* RememberMyMeds-Prefix.pch */,
				C801A52E17BC815C008B4ADD /* Default.png */,
				C801A53017BC815C008B4ADD /* Default@2x.png */,
				C801A53217BC815C008B4ADD /* Default-568h@2x.png */,
			);
			name = "Supporting Files";
			sourceTree = "<group>";
		};
		C8FDC50617BEBB5800A68749 /* model */ = {
			isa = PBXGroup;
			children = (
				C8FDC50317BEBB5200A68749 /* Meds.h */,
				C8FDC50417BEBB5200A68749 /* Meds.m */,
				C8FDC50717BEBDD300A68749 /* Prescription.h */,
				C8FDC50817BEBDD300A68749 /* Prescription.m */,
			);
			name = model;
			sourceTree = "<group>";
		};
/* End PBXGroup section */

/* Begin PBXNativeTarget section */
		C801A51817BC815C008B4ADD /* RememberMyMeds */ = {
			isa = PBXNativeTarget;
			buildConfigurationList = C801A53C17BC815C008B4ADD /* Build configuration list for PBXNativeTarget "RememberMyMeds" */;
			buildPhases = (
				C801A51517BC815C008B4ADD /* Sources */,
				C801A51617BC815C008B4ADD /* Frameworks */,
				C801A51717BC815C008B4ADD /* Resources */,
			);
			buildRules = (
			);
			dependencies = (
			);
			name = RememberMyMeds;
			productName = RememberMyMeds;
			productReference = C801A51917BC815C008B4ADD /* RememberMyMeds.app */;
			productType = "com.apple.product-type.application";
		};
/* End PBXNativeTarget section */

/* Begin PBXProject section */
		C801A51117BC815C008B4ADD /* Project object */ = {
			isa = PBXProject;
			attributes = {
				CLASSPREFIX = remember;
				LastUpgradeCheck = 0460;
				ORGANIZATIONNAME = "Edwin Villanueva";
			};
			buildConfigurationList = C801A51417BC815C008B4ADD /* Build configuration list for PBXProject "RememberMyMeds" */;
			compatibilityVersion = "Xcode 3.2";
			developmentRegion = English;
			hasScannedForEncodings = 0;
			knownRegions = (
				en,
			);
			mainGroup = C801A51017BC815C008B4ADD;
			productRefGroup = C801A51A17BC815C008B4ADD /* Products */;
			projectDirPath = "";
			projectRoot = "";
			targets = (
				C801A51817BC815C008B4ADD /* RememberMyMeds */,
			);
		};
/* End PBXProject section */

/* Begin PBXResourcesBuildPhase section */
		C801A51717BC815C008B4ADD /* Resources */ = {
			isa = PBXResourcesBuildPhase;
			buildActionMask = 2147483647;
			files = (
				C801A52717BC815C008B4ADD /* InfoPlist.strings in Resources */,
				C801A52F17BC815C008B4ADD /* Default.png in Resources */,
				C801A53117BC815C008B4ADD /* Default@2x.png in Resources */,
				C801A53317BC815C008B4ADD /* Default-568h@2x.png in Resources */,
				C801A53617BC815C008B4ADD /* MainStoryboard.storyboard in Resources */,
			);
			runOnlyForDeploymentPostprocessing = 0;
		};
/* End PBXResourcesBuildPhase section */

/* Begin PBXSourcesBuildPhase section */
		C801A51517BC815C008B4ADD /* Sources */ = {
			isa = PBXSourcesBuildPhase;
			buildActionMask = 2147483647;
			files = (
				C801A52917BC815C008B4ADD /* main.m in Sources */,
				C801A52D17BC815C008B4ADD /* rememberAppDelegate.m in Sources */,
				C801A53917BC815C008B4ADD /* rememberViewController.m in Sources */,
				C8307C6C17BCA7380090F25D /* StartViewController.m in Sources */,
				C8FDC50517BEBB5200A68749 /* Meds.m in Sources */,
				C8FDC50917BEBDD300A68749 /* Prescription.m in Sources */,
			);
			runOnlyForDeploymentPostprocessing = 0;
		};
/* End PBXSourcesBuildPhase section */

/* Begin PBXVariantGroup section */
		C801A52517BC815C008B4ADD /* InfoPlist.strings */ = {
			isa = PBXVariantGroup;
			children = (
				C801A52617BC815C008B4ADD /* en */,
			);
			name = InfoPlist.strings;
			sourceTree = "<group>";
		};
		C801A53417BC815C008B4ADD /* MainStoryboard.storyboard */ = {
			isa = PBXVariantGroup;
			children = (
				C801A53517BC815C008B4ADD /* en */,
			);
			name = MainStoryboard.storyboard;
			sourceTree = "<group>";
		};
/* End PBXVariantGroup section */

/* Begin XCBuildConfiguration section */
		C801A53A17BC815C008B4ADD /* Debug */ = {
			isa = XCBuildConfiguration;
			buildSettings = {
				ALWAYS_SEARCH_USER_PATHS = NO;
				CLANG_CXX_LANGUAGE_STANDARD = "gnu++0x";
				CLANG_CXX_LIBRARY = "libc++";
				CLANG_ENABLE_OBJC_ARC = YES;
				CLANG_WARN_CONSTANT_CONVERSION = YES;
				CLANG_WARN_EMPTY_BODY = YES;
				CLANG_WARN_ENUM_CONVERSION = YES;
				CLANG_WARN_INT_CONVERSION = YES;
				CLANG_WARN__DUPLICATE_METHOD_MATCH = YES;
				"CODE_SIGN_IDENTITY[sdk=iphoneos*]" = "iPhone Developer";
				COPY_PHASE_STRIP = NO;
				GCC_C_LANGUAGE_STANDARD = gnu99;
				GCC_DYNAMIC_NO_PIC = NO;
				GCC_OPTIMIZATION_LEVEL = 0;
				GCC_PREPROCESSOR_DEFINITIONS = (
					"DEBUG=1",
					"$(inherited)",
				);
				GCC_SYMBOLS_PRIVATE_EXTERN = NO;
				GCC_WARN_ABOUT_RETURN_TYPE = YES;
				GCC_WARN_UNINITIALIZED_AUTOS = YES;
				GCC_WARN_UNUSED_VARIABLE = YES;
				IPHONEOS_DEPLOYMENT_TARGET = 6.1;
				ONLY_ACTIVE_ARCH = YES;
				SDKROOT = iphoneos;
			};
			name = Debug;
		};
		C801A53B17BC815C008B4ADD /* Release */ = {
			isa = XCBuildConfiguration;
			buildSettings = {
				ALWAYS_SEARCH_USER_PATHS = NO;
				CLANG_CXX_LANGUAGE_STANDARD = "gnu++0x";
				CLANG_CXX_LIBRARY = "libc++";
				CLANG_ENABLE_OBJC_ARC = YES;
				CLANG_WARN_CONSTANT_CONVERSION = YES;
				CLANG_WARN_EMPTY_BODY = YES;
				CLANG_WARN_ENUM_CONVERSION = YES;
				CLANG_WARN_INT_CONVERSION = YES;
				CLANG_WARN__DUPLICATE_METHOD_MATCH = YES;
				"CODE_SIGN_IDENTITY[sdk=iphoneos*]" = "iPhone Developer";
				COPY_PHASE_STRIP = YES;
				GCC_C_LANGUAGE_STANDARD = gnu99;
				GCC_WARN_ABOUT_RETURN_TYPE = YES;
				GCC_WARN_UNINITIALIZED_AUTOS = YES;
				GCC_WARN_UNUSED_VARIABLE = YES;
				IPHONEOS_DEPLOYMENT_TARGET = 6.1;
				OTHER_CFLAGS = "-DNS_BLOCK_ASSERTIONS=1";
				SDKROOT = iphoneos;
				VALIDATE_PRODUCT = YES;
			};
			name = Release;
		};
		C801A53D17BC815C008B4ADD /* Debug */ = {
			isa = XCBuildConfiguration;
			buildSettings = {
				GCC_PRECOMPILE_PREFIX_HEADER = YES;
				GCC_PREFIX_HEADER = "RememberMyMeds/RememberMyMeds-Prefix.pch";
				INFOPLIST_FILE = "RememberMyMeds/RememberMyMeds-Info.plist";
				PRODUCT_NAME = "$(TARGET_NAME)";
				WRAPPER_EXTENSION = app;
			};
			name = Debug;
		};
		C801A53E17BC815C008B4ADD /* Release */ = {
			isa = XCBuildConfiguration;
			buildSettings = {
				GCC_PRECOMPILE_PREFIX_HEADER = YES;
				GCC_PREFIX_HEADER = "RememberMyMeds/RememberMyMeds-Prefix.pch";
				INFOPLIST_FILE = "RememberMyMeds/RememberMyMeds-Info.plist";
				PRODUCT_NAME = "$(TARGET_NAME)";
				WRAPPER_EXTENSION = app;
			};
			name = Release;
		};
/* End XCBuildConfiguration section */

/* Begin XCConfigurationList section */
		C801A51417BC815C008B4ADD /* Build configuration list for PBXProject "RememberMyMeds" */ = {
			isa = XCConfigurationList;
			buildConfigurations = (
				C801A53A17BC815C008B4ADD /* Debug */,
				C801A53B17BC815C008B4ADD /* Release */,
			);
			defaultConfigurationIsVisible = 0;
			defaultConfigurationName = Release;
		};
		C801A53C17BC815C008B4ADD /* Build configuration list for PBXNativeTarget "RememberMyMeds" */ = {
			isa = XCConfigurationList;
			buildConfigurations = (
				C801A53D17BC815C008B4ADD /* Debug */,
				C801A53E17BC815C008B4ADD /* Release */,
			);
			defaultConfigurationIsVisible = 0;
			defaultConfigurationName = Release;
		};
/* End XCConfigurationList section */
	};
	rootObject = C801A51117BC815C008B4ADD /* Project object */;
}
